
Microsoft Visual Studio Solution File, Format Version 12.00
# Visual Studio Version 16
VisualStudioVersion = 16.0.30011.22
MinimumVisualStudioVersion = 10.0.40219.1
Project("{FAE04EC0-301F-11D3-BF4B-00C04F79EFBC}") = "MessagingAppReceiver", "MessagingAppReceiver\MessagingAppReceiver.csproj", "{0BD3594A-5954-4D9C-BA4E-8F6514B696AD}"
EndProject
Global
	GlobalSection(SolutionConfigurationPlatforms) = preSolution
		Debug|Any CPU = Debug|Any CPU
		Release|Any CPU = Release|Any CPU
	EndGlobalSection
	GlobalSection(ProjectConfigurationPlatforms) = postSolution
		{0BD3594A-5954-4D9C-BA4E-8F6514B696AD}.Debug|Any CPU.ActiveCfg = Debug|Any CPU
		{0BD3594A-5954-4D9C-BA4E-8F6514B696AD}.Debug|Any CPU.Build.0 = Debug|Any CPU
		{0BD3594A-5954-4D9C-BA4E-8F6514B696AD}.Release|Any CPU.ActiveCfg = Release|Any CPU
		{0BD3594A-5954-4D9C-BA4E-8F6514B696AD}.Release|Any CPU.Build.0 = Release|Any CPU
	EndGlobalSection
	GlobalSection(SolutionProperties) = preSolution
		HideSolutionNode = FALSE
	EndGlobalSection
	GlobalSection(ExtensibilityGlobals) = postSolution
		SolutionGuid = {E34C2153-B0D9-4980-BED3-273CFBD527AD}
	EndGlobalSection
EndGlobal
